lockfileVersion: '9.0'

settings:
  autoInstallPeers: true
  excludeLinksFromLockfile: false

importers:

  .:
    dependencies:
      jotai:
        specifier: ^2.17.1
        version: 2.20.0(@types/react@18.3.30)
    devDependencies:
      '@types/bun':
        specifier: latest
        version: 1.3.14
      '@types/dompurify':
        specifier: ^3.2.0
        version: 3.2.0
      '@types/node':
        specifier: ^20.0.0
        version: 20.19.41
      '@types/react':
        specifier: ^18.3.0
        version: 18.3.30
      '@types/react-dom':
        specifier: ^18.3.0
        version: 18.3.7(@types/react@18.3.30)
      dompurify:
        specifier: ^3.4.2
        version: 3.4.7
      typescript:
        specifier: ^5.0.0
        version: 5.9.3

packages:

  '@types/bun@1.3.14':
    resolution: {integrity: sha512-h1hFqFVcvAvD9j9K7ZW7vd82aSA+rTdznZa+5bwvCwqSB1jmmfLcbIWhOLx1/+boy/xmjgCs/OMUL8hRJSmnPw==}

  '@types/dompurify@3.2.0':
    resolution: {integrity: sha512-Fgg31wv9QbLDA0SpTOXO3MaxySc4DKGLi8sna4/Utjo4r3ZRPdCt4UQee8BWr+Q5z21yifghREPJGYaEOEIACg==}
    deprecated: This is a stub types definition. dompurify provides its own type definitions, so you do not need this installed.

  '@types/node@20.19.41':
    resolution: {integrity: sha512-ECymXOukMnOoVkC2bb1Vc/w/836DXncOg5m8Xj1RH7xSHZJWNYY6Zh7EH477vcnD5egKNNfy2RpNOmuChhFPgQ==}

  '@types/prop-types@15.7.15':
    resolution: {integrity: sha512-F6bEyamV9jKGAFBEmlQnesRPGOQqS2+Uwi0Em15xenOxHaf2hv6L8YCVn3rPdPJOiJfPiCnLIRyvwVaqMY3MIw==}

  '@types/react-dom@18.3.7':
    resolution: {integrity: sha512-MEe3UeoENYVFXzoXEWsvcpg6ZvlrFNlOQ7EOsvhI3CfAXwzPfO8Qwuxd40nepsYKqyyVQnTdEfv68q91yLcKrQ==}
    peerDependencies:
      '@types/react': ^18.0.0

  '@types/react@18.3.30':
    resolution: {integrity: sha512-3ek6mwJL5/VBewBcY4S66cqlCtK3qi4WIq37Z0m/NHw1hjhI7274Mx1qz/+ggSzyBCOEf7eHjBN6INjPAWYfYw==}

  '@types/trusted-types@2.0.7':
    resolution: {integrity: sha512-ScaPdn1dQczgbl0QFTeTOmVHFULt394XJgOQNoyVhZ6r2vLnMLJfBPd53SB52T/3G36VI1/g2MZaX0cwDuXsfw==}

  bun-types@1.3.14:
    resolution: {integrity: sha512-4N0ig0fEomHt5R0KCFWjovxow98rIoRwKolrYdCcknNwMekCXRnWEUvgu5soYV8QXtVsrUD8B95MBOZGPvr6KQ==}

  csstype@3.2.3:
    resolution: {integrity: sha512-z1HGKcYy2xA8AGQfwrn0PAy+PB7X/GSj3UVJW9qKyn43xWa+gl5nXmU4qqLMRzWVLFC8KusUX8T/0kCiOYpAIQ==}

  dompurify@3.4.7:
    resolution: {integrity: sha512-2jBxDJY4RR06tQNy4w5FlFH7kfxsQZlufd0sbv+chfHCxeJwrFw2baUDsSwvBISD4K4RDbd0PTfy3uNXsR6siA==}

  jotai@2.20.0:
    resolution: {integrity: sha512-b5GAqgmXmXzB4WPaTH26ppk9Sl7AA9WSQX7yfdM+gJ1rFROiWcVbi97gFuN/yVCojOcbcvop2sfLL+fjxW0JVg==}
    engines: {node: '>=12.20.0'}
    peerDependencies:
      '@babel/core': '>=7.0.0'
      '@babel/template': '>=7.0.0'
      '@types/react': '>=17.0.0'
      react: '>=17.0.0'
    peerDependenciesMeta:
      '@babel/core':
        optional: true
      '@babel/template':
        optional: true
      '@types/react':
        optional: true
      react:
        optional: true

  typescript@5.9.3:
    resolution: {integrity: sha512-jl1vZzPDinLr9eUt3J/t7V6FgNEw9QjvBPdysz9KfQDD41fQrC2Y4vKQdiaUpFT4bXlb1RHhLpp8wtm6M5TgSw==}
    engines: {node: '>=14.17'}
    hasBin: true

  undici-types@6.21.0:
    resolution: {integrity: sha512-iwDZqg0QAGrg9Rav5H4n0M64c3mkR59cJ6wQp+7C4nI0gsmExaedaYLNO44eT4AtBBwjbTiGPMlt2Md0T9H9JQ==}

snapshots:

  '@types/bun@1.3.14':
    dependencies:
      bun-types: 1.3.14

  '@types/dompurify@3.2.0':
    dependencies:
      dompurify: 3.4.7

  '@types/node@20.19.41':
    dependencies:
      undici-types: 6.21.0

  '@types/prop-types@15.7.15': {}

  '@types/react-dom@18.3.7(@types/react@18.3.30)':
    dependencies:
      '@types/react': 18.3.30

  '@types/react@18.3.30':
    dependencies:
      '@types/prop-types': 15.7.15
      csstype: 3.2.3

  '@types/trusted-types@2.0.7':
    optional: true

  bun-types@1.3.14:
    dependencies:
      '@types/node': 20.19.41

  csstype@3.2.3: {}

  dompurify@3.4.7:
    optionalDependencies:
      '@types/trusted-types': 2.0.7

  jotai@2.20.0(@types/react@18.3.30):
    optionalDependencies:
      '@types/react': 18.3.30

  typescript@5.9.3: {}

  undici-types@6.21.0: {}
